
Microsoft Visual Studio Solution File, Format Version 12.00
# Visual Studio 15
VisualStudioVersion = 15.0.28307.421
MinimumVisualStudioVersion = 10.0.40219.1
Project("{FAE04EC0-301F-11D3-BF4B-00C04F79EFBC}") = "Systems", "Systems\Systems.csproj", "{A516A842-63B3-4D31-885B-454E858A7368}"
EndProject
Project("{FAE04EC0-301F-11D3-BF4B-00C04F79EFBC}") = "Expression", "Expression\Expression.csproj", "{32A09091-75AC-4F78-BB4D-8721DAD0E1CE}"
EndProject
Project("{FAE04EC0-301F-11D3-BF4B-00C04F79EFBC}") = "DLLWrapper", "DLLWrapper\DLLWrapper.csproj", "{6D9B660F-CC5A-4814-A176-1BC2619370ED}"
EndProject
Project("{FAE04EC0-301F-11D3-BF4B-00C04F79EFBC}") = "Core", "Core\Core.csproj", "{1C896874-C345-4C0D-BFE6-964A6D6C1F05}"
EndProject
Project("{FAE04EC0-301F-11D3-BF4B-00C04F79EFBC}") = "Forms", "Forms\Forms.csproj", "{528932B7-02DF-4F09-96AF-E30DA724CB6C}"
EndProject
Project("{FAE04EC0-301F-11D3-BF4B-00C04F79EFBC}") = "Math", "Math\Math.csproj", "{9E5ED9AD-A2C0-44E2-8509-04433994A2B4}"
EndProject
Project("{FAE04EC0-301F-11D3-BF4B-00C04F79EFBC}") = "Test", "Test\Test.csproj", "{CE7E619F-B302-4F7D-97A9-A98B7C21CA16}"
EndProject
Project("{8BC9CEB8-8B4A-11D0-8D11-00A0C91BC942}") = "mpir.net", "MPIR\mpir.net\build.vc15\mpir.net\mpir.net.vcxproj", "{1E6E20CA-9F97-45A0-B797-C43A9716B95B}"
EndProject
Global
	GlobalSection(SolutionConfigurationPlatforms) = preSolution
		Debug|.NET = Debug|.NET
		Debug|Any CPU = Debug|Any CPU
		Debug|Mixed Platforms = Debug|Mixed Platforms
		Debug|Win32 = Debug|Win32
		Debug|x64 = Debug|x64
		Debug|x86 = Debug|x86
		Release|.NET = Release|.NET
		Release|Any CPU = Release|Any CPU
		Release|Mixed Platforms = Release|Mixed Platforms
		Release|Win32 = Release|Win32
		Release|x64 = Release|x64
		Release|x86 = Release|x86
	EndGlobalSection
	GlobalSection(ProjectConfigurationPlatforms) = postSolution
		{A516A842-63B3-4D31-885B-454E858A7368}.Debug|.NET.ActiveCfg = Debug|Any CPU
		{A516A842-63B3-4D31-885B-454E858A7368}.Debug|Any CPU.ActiveCfg = Debug|Any CPU
		{A516A842-63B3-4D31-885B-454E858A7368}.Debug|Any CPU.Build.0 = Debug|Any CPU
		{A516A842-63B3-4D31-885B-454E858A7368}.Debug|Mixed Platforms.ActiveCfg = Debug|Any CPU
		{A516A842-63B3-4D31-885B-454E858A7368}.Debug|Mixed Platforms.Build.0 = Debug|Any CPU
		{A516A842-63B3-4D31-885B-454E858A7368}.Debug|Win32.ActiveCfg = Debug|Any CPU
		{A516A842-63B3-4D31-885B-454E858A7368}.Debug|x64.ActiveCfg = Debug|Any CPU
		{A516A842-63B3-4D31-885B-454E858A7368}.Debug|x86.ActiveCfg = Debug|x86
		{A516A842-63B3-4D31-885B-454E858A7368}.Debug|x86.Build.0 = Debug|x86
		{A516A842-63B3-4D31-885B-454E858A7368}.Release|.NET.ActiveCfg = Release|Any CPU
		{A516A842-63B3-4D31-885B-454E858A7368}.Release|Any CPU.ActiveCfg = Release|Any CPU
		{A516A842-63B3-4D31-885B-454E858A7368}.Release|Any CPU.Build.0 = Release|Any CPU
		{A516A842-63B3-4D31-885B-454E858A7368}.Release|Mixed Platforms.ActiveCfg = Release|Any CPU
		{A516A842-63B3-4D31-885B-454E858A7368}.Release|Mixed Platforms.Build.0 = Release|Any CPU
		{A516A842-63B3-4D31-885B-454E858A7368}.Release|Win32.ActiveCfg = Release|Any CPU
		{A516A842-63B3-4D31-885B-454E858A7368}.Release|x64.ActiveCfg = Release|Any CPU
		{A516A842-63B3-4D31-885B-454E858A7368}.Release|x86.ActiveCfg = Release|x86
		{A516A842-63B3-4D31-885B-454E858A7368}.Release|x86.Build.0 = Release|x86
		{32A09091-75AC-4F78-BB4D-8721DAD0E1CE}.Debug|.NET.ActiveCfg = Debug|x86
		{32A09091-75AC-4F78-BB4D-8721DAD0E1CE}.Debug|Any CPU.ActiveCfg = Debug|Any CPU
		{32A09091-75AC-4F78-BB4D-8721DAD0E1CE}.Debug|Any CPU.Build.0 = Debug|Any CPU
		{32A09091-75AC-4F78-BB4D-8721DAD0E1CE}.Debug|Mixed Platforms.ActiveCfg = Debug|x86
		{32A09091-75AC-4F78-BB4D-8721DAD0E1CE}.Debug|Mixed Platforms.Build.0 = Debug|x86
		{32A09091-75AC-4F78-BB4D-8721DAD0E1CE}.Debug|Win32.ActiveCfg = Debug|x86
		{32A09091-75AC-4F78-BB4D-8721DAD0E1CE}.Debug|x64.ActiveCfg = Debug|Any CPU
		{32A09091-75AC-4F78-BB4D-8721DAD0E1CE}.Debug|x86.ActiveCfg = Debug|x86
		{32A09091-75AC-4F78-BB4D-8721DAD0E1CE}.Debug|x86.Build.0 = Debug|x86
		{32A09091-75AC-4F78-BB4D-8721DAD0E1CE}.Release|.NET.ActiveCfg = Release|x86
		{32A09091-75AC-4F78-BB4D-8721DAD0E1CE}.Release|Any CPU.ActiveCfg = Release|Any CPU
		{32A09091-75AC-4F78-BB4D-8721DAD0E1CE}.Release|Any CPU.Build.0 = Release|Any CPU
		{32A09091-75AC-4F78-BB4D-8721DAD0E1CE}.Release|Mixed Platforms.ActiveCfg = Release|x86
		{32A09091-75AC-4F78-BB4D-8721DAD0E1CE}.Release|Mixed Platforms.Build.0 = Release|x86
		{32A09091-75AC-4F78-BB4D-8721DAD0E1CE}.Release|Win32.ActiveCfg = Release|x86
		{32A09091-75AC-4F78-BB4D-8721DAD0E1CE}.Release|x64.ActiveCfg = Release|Any CPU
		{32A09091-75AC-4F78-BB4D-8721DAD0E1CE}.Release|x86.ActiveCfg = Release|x86
		{32A09091-75AC-4F78-BB4D-8721DAD0E1CE}.Release|x86.Build.0 = Release|x86
		{6D9B660F-CC5A-4814-A176-1BC2619370ED}.Debug|.NET.ActiveCfg = Debug|x86
		{6D9B660F-CC5A-4814-A176-1BC2619370ED}.Debug|Any CPU.ActiveCfg = Debug|Any CPU
		{6D9B660F-CC5A-4814-A176-1BC2619370ED}.Debug|Any CPU.Build.0 = Debug|Any CPU
		{6D9B660F-CC5A-4814-A176-1BC2619370ED}.Debug|Mixed Platforms.ActiveCfg = Debug|x86
		{6D9B660F-CC5A-4814-A176-1BC2619370ED}.Debug|Mixed Platforms.Build.0 = Debug|x86
		{6D9B660F-CC5A-4814-A176-1BC2619370ED}.Debug|Win32.ActiveCfg = Debug|x86
		{6D9B660F-CC5A-4814-A176-1BC2619370ED}.Debug|x64.ActiveCfg = Debug|Any CPU
		{6D9B660F-CC5A-4814-A176-1BC2619370ED}.Debug|x86.ActiveCfg = Debug|x86
		{6D9B660F-CC5A-4814-A176-1BC2619370ED}.Debug|x86.Build.0 = Debug|x86
		{6D9B660F-CC5A-4814-A176-1BC2619370ED}.Release|.NET.ActiveCfg = Release|x86
		{6D9B660F-CC5A-4814-A176-1BC2619370ED}.Release|Any CPU.ActiveCfg = Release|Any CPU
		{6D9B660F-CC5A-4814-A176-1BC2619370ED}.Release|Any CPU.Build.0 = Release|Any CPU
		{6D9B660F-CC5A-4814-A176-1BC2619370ED}.Release|Mixed Platforms.ActiveCfg = Release|x86
		{6D9B660F-CC5A-4814-A176-1BC2619370ED}.Release|Mixed Platforms.Build.0 = Release|x86
		{6D9B660F-CC5A-4814-A176-1BC2619370ED}.Release|Win32.ActiveCfg = Release|x86
		{6D9B660F-CC5A-4814-A176-1BC2619370ED}.Release|x64.ActiveCfg = Release|Any CPU
		{6D9B660F-CC5A-4814-A176-1BC2619370ED}.Release|x86.ActiveCfg = Release|x86
		{6D9B660F-CC5A-4814-A176-1BC2619370ED}.Release|x86.Build.0 = Release|x86
		{1C896874-C345-4C0D-BFE6-964A6D6C1F05}.Debug|.NET.ActiveCfg = Debug|Any CPU
		{1C896874-C345-4C0D-BFE6-964A6D6C1F05}.Debug|Any CPU.ActiveCfg = Debug|Any CPU
		{1C896874-C345-4C0D-BFE6-964A6D6C1F05}.Debug|Any CPU.Build.0 = Debug|Any CPU
		{1C896874-C345-4C0D-BFE6-964A6D6C1F05}.Debug|Mixed Platforms.ActiveCfg = Debug|Any CPU
		{1C896874-C345-4C0D-BFE6-964A6D6C1F05}.Debug|Mixed Platforms.Build.0 = Debug|Any CPU
		{1C896874-C345-4C0D-BFE6-964A6D6C1F05}.Debug|Win32.ActiveCfg = Debug|Any CPU
		{1C896874-C345-4C0D-BFE6-964A6D6C1F05}.Debug|x64.ActiveCfg = Debug|Any CPU
		{1C896874-C345-4C0D-BFE6-964A6D6C1F05}.Debug|x86.ActiveCfg = Debug|Any CPU
		{1C896874-C345-4C0D-BFE6-964A6D6C1F05}.Release|.NET.ActiveCfg = Release|Any CPU
		{1C896874-C345-4C0D-BFE6-964A6D6C1F05}.Release|Any CPU.ActiveCfg = Release|Any CPU
		{1C896874-C345-4C0D-BFE6-964A6D6C1F05}.Release|Any CPU.Build.0 = Release|Any CPU
		{1C896874-C345-4C0D-BFE6-964A6D6C1F05}.Release|Mixed Platforms.ActiveCfg = Release|Any CPU
		{1C896874-C345-4C0D-BFE6-964A6D6C1F05}.Release|Mixed Platforms.Build.0 = Release|Any CPU
		{1C896874-C345-4C0D-BFE6-964A6D6C1F05}.Release|Win32.ActiveCfg = Release|Any CPU
		{1C896874-C345-4C0D-BFE6-964A6D6C1F05}.Release|x64.ActiveCfg = Release|Any CPU
		{1C896874-C345-4C0D-BFE6-964A6D6C1F05}.Release|x86.ActiveCfg = Release|Any CPU
		{528932B7-02DF-4F09-96AF-E30DA724CB6C}.Debug|.NET.ActiveCfg = Debug|x86
		{528932B7-02DF-4F09-96AF-E30DA724CB6C}.Debug|Any CPU.ActiveCfg = Debug|Any CPU
		{528932B7-02DF-4F09-96AF-E30DA724CB6C}.Debug|Any CPU.Build.0 = Debug|Any CPU
		{528932B7-02DF-4F09-96AF-E30DA724CB6C}.Debug|Mixed Platforms.ActiveCfg = Debug|x86
		{528932B7-02DF-4F09-96AF-E30DA724CB6C}.Debug|Mixed Platforms.Build.0 = Debug|x86
		{528932B7-02DF-4F09-96AF-E30DA724CB6C}.Debug|Win32.ActiveCfg = Debug|x86
		{528932B7-02DF-4F09-96AF-E30DA724CB6C}.Debug|x64.ActiveCfg = Debug|Any CPU
		{528932B7-02DF-4F09-96AF-E30DA724CB6C}.Debug|x86.ActiveCfg = Debug|x86
		{528932B7-02DF-4F09-96AF-E30DA724CB6C}.Debug|x86.Build.0 = Debug|x86
		{528932B7-02DF-4F09-96AF-E30DA724CB6C}.Release|.NET.ActiveCfg = Release|x86
		{528932B7-02DF-4F09-96AF-E30DA724CB6C}.Release|Any CPU.ActiveCfg = Release|Any CPU
		{528932B7-02DF-4F09-96AF-E30DA724CB6C}.Release|Any CPU.Build.0 = Release|Any CPU
		{528932B7-02DF-4F09-96AF-E30DA724CB6C}.Release|Mixed Platforms.ActiveCfg = Release|x86
		{528932B7-02DF-4F09-96AF-E30DA724CB6C}.Release|Mixed Platforms.Build.0 = Release|x86
		{528932B7-02DF-4F09-96AF-E30DA724CB6C}.Release|Win32.ActiveCfg = Release|x86
		{528932B7-02DF-4F09-96AF-E30DA724CB6C}.Release|x64.ActiveCfg = Release|Any CPU
		{528932B7-02DF-4F09-96AF-E30DA724CB6C}.Release|x86.ActiveCfg = Release|x86
		{528932B7-02DF-4F09-96AF-E30DA724CB6C}.Release|x86.Build.0 = Release|x86
		{9E5ED9AD-A2C0-44E2-8509-04433994A2B4}.Debug|.NET.ActiveCfg = Debug|x86
		{9E5ED9AD-A2C0-44E2-8509-04433994A2B4}.Debug|Any CPU.ActiveCfg = Debug|Any CPU
		{9E5ED9AD-A2C0-44E2-8509-04433994A2B4}.Debug|Any CPU.Build.0 = Debug|Any CPU
		{9E5ED9AD-A2C0-44E2-8509-04433994A2B4}.Debug|Mixed Platforms.ActiveCfg = Debug|x86
		{9E5ED9AD-A2C0-44E2-8509-04433994A2B4}.Debug|Mixed Platforms.Build.0 = Debug|x86
		{9E5ED9AD-A2C0-44E2-8509-04433994A2B4}.Debug|Win32.ActiveCfg = Debug|x86
		{9E5ED9AD-A2C0-44E2-8509-04433994A2B4}.Debug|x64.ActiveCfg = Debug|Any CPU
		{9E5ED9AD-A2C0-44E2-8509-04433994A2B4}.Debug|x86.ActiveCfg = Debug|x86
		{9E5ED9AD-A2C0-44E2-8509-04433994A2B4}.Debug|x86.Build.0 = Debug|x86
		{9E5ED9AD-A2C0-44E2-8509-04433994A2B4}.Release|.NET.ActiveCfg = Release|x86
		{9E5ED9AD-A2C0-44E2-8509-04433994A2B4}.Release|Any CPU.ActiveCfg = Release|Any CPU
		{9E5ED9AD-A2C0-44E2-8509-04433994A2B4}.Release|Any CPU.Build.0 = Release|Any CPU
		{9E5ED9AD-A2C0-44E2-8509-04433994A2B4}.Release|Mixed Platforms.ActiveCfg = Release|x86
		{9E5ED9AD-A2C0-44E2-8509-04433994A2B4}.Release|Mixed Platforms.Build.0 = Release|x86
		{9E5ED9AD-A2C0-44E2-8509-04433994A2B4}.Release|Win32.ActiveCfg = Release|x86
		{9E5ED9AD-A2C0-44E2-8509-04433994A2B4}.Release|x64.ActiveCfg = Release|Any CPU
		{9E5ED9AD-A2C0-44E2-8509-04433994A2B4}.Release|x86.ActiveCfg = Release|x86
		{9E5ED9AD-A2C0-44E2-8509-04433994A2B4}.Release|x86.Build.0 = Release|x86
		{CE7E619F-B302-4F7D-97A9-A98B7C21CA16}.Debug|.NET.ActiveCfg = Debug|x86
		{CE7E619F-B302-4F7D-97A9-A98B7C21CA16}.Debug|Any CPU.ActiveCfg = Debug|Any CPU
		{CE7E619F-B302-4F7D-97A9-A98B7C21CA16}.Debug|Any CPU.Build.0 = Debug|Any CPU
		{CE7E619F-B302-4F7D-97A9-A98B7C21CA16}.Debug|Mixed Platforms.ActiveCfg = Debug|x86
		{CE7E619F-B302-4F7D-97A9-A98B7C21CA16}.Debug|Mixed Platforms.Build.0 = Debug|x86
		{CE7E619F-B302-4F7D-97A9-A98B7C21CA16}.Debug|Win32.ActiveCfg = Debug|x86
		{CE7E619F-B302-4F7D-97A9-A98B7C21CA16}.Debug|x64.ActiveCfg = Debug|Any CPU
		{CE7E619F-B302-4F7D-97A9-A98B7C21CA16}.Debug|x86.ActiveCfg = Debug|x86
		{CE7E619F-B302-4F7D-97A9-A98B7C21CA16}.Debug|x86.Build.0 = Debug|x86
		{CE7E619F-B302-4F7D-97A9-A98B7C21CA16}.Release|.NET.ActiveCfg = Release|x86
		{CE7E619F-B302-4F7D-97A9-A98B7C21CA16}.Release|Any CPU.ActiveCfg = Release|Any CPU
		{CE7E619F-B302-4F7D-97A9-A98B7C21CA16}.Release|Any CPU.Build.0 = Release|Any CPU
		{CE7E619F-B302-4F7D-97A9-A98B7C21CA16}.Release|Mixed Platforms.ActiveCfg = Release|x86
		{CE7E619F-B302-4F7D-97A9-A98B7C21CA16}.Release|Mixed Platforms.Build.0 = Release|x86
		{CE7E619F-B302-4F7D-97A9-A98B7C21CA16}.Release|Win32.ActiveCfg = Release|x86
		{CE7E619F-B302-4F7D-97A9-A98B7C21CA16}.Release|x64.ActiveCfg = Release|Any CPU
		{CE7E619F-B302-4F7D-97A9-A98B7C21CA16}.Release|x86.ActiveCfg = Release|x86
		{CE7E619F-B302-4F7D-97A9-A98B7C21CA16}.Release|x86.Build.0 = Release|x86
		{1E6E20CA-9F97-45A0-B797-C43A9716B95B}.Debug|.NET.ActiveCfg = Debug|Win32
		{1E6E20CA-9F97-45A0-B797-C43A9716B95B}.Debug|Any CPU.ActiveCfg = Debug|Win32
		{1E6E20CA-9F97-45A0-B797-C43A9716B95B}.Debug|Mixed Platforms.ActiveCfg = Debug|Win32
		{1E6E20CA-9F97-45A0-B797-C43A9716B95B}.Debug|Mixed Platforms.Build.0 = Debug|Win32
		{1E6E20CA-9F97-45A0-B797-C43A9716B95B}.Debug|Win32.ActiveCfg = Debug|Win32
		{1E6E20CA-9F97-45A0-B797-C43A9716B95B}.Debug|Win32.Build.0 = Debug|Win32
		{1E6E20CA-9F97-45A0-B797-C43A9716B95B}.Debug|x64.ActiveCfg = Debug|x64
		{1E6E20CA-9F97-45A0-B797-C43A9716B95B}.Debug|x64.Build.0 = Debug|x64
		{1E6E20CA-9F97-45A0-B797-C43A9716B95B}.Debug|x86.ActiveCfg = Debug|Win32
		{1E6E20CA-9F97-45A0-B797-C43A9716B95B}.Debug|x86.Build.0 = Debug|Win32
		{1E6E20CA-9F97-45A0-B797-C43A9716B95B}.Release|.NET.ActiveCfg = Release|Win32
		{1E6E20CA-9F97-45A0-B797-C43A9716B95B}.Release|Any CPU.ActiveCfg = Release|Win32
		{1E6E20CA-9F97-45A0-B797-C43A9716B95B}.Release|Any CPU.Build.0 = Release|Win32
		{1E6E20CA-9F97-45A0-B797-C43A9716B95B}.Release|Mixed Platforms.ActiveCfg = Release|Win32
		{1E6E20CA-9F97-45A0-B797-C43A9716B95B}.Release|Mixed Platforms.Build.0 = Release|Win32
		{1E6E20CA-9F97-45A0-B797-C43A9716B95B}.Release|Win32.ActiveCfg = Release|Win32
		{1E6E20CA-9F97-45A0-B797-C43A9716B95B}.Release|Win32.Build.0 = Release|Win32
		{1E6E20CA-9F97-45A0-B797-C43A9716B95B}.Release|x64.ActiveCfg = Release|x64
		{1E6E20CA-9F97-45A0-B797-C43A9716B95B}.Release|x64.Build.0 = Release|x64
		{1E6E20CA-9F97-45A0-B797-C43A9716B95B}.Release|x86.ActiveCfg = Release|Win32
		{1E6E20CA-9F97-45A0-B797-C43A9716B95B}.Release|x86.Build.0 = Release|Win32
	EndGlobalSection
	GlobalSection(SolutionProperties) = preSolution
		HideSolutionNode = FALSE
	EndGlobalSection
	GlobalSection(ExtensibilityGlobals) = postSolution
		SolutionGuid = {FA3EB877-6DD9-482B-BAFD-1A9A54BBC472}
	EndGlobalSection
	GlobalSection(SourceCodeControl) = preSolution
		SccNumberOfProjects = 7
		SccProjectUniqueName0 = Systems\\Systems.csproj
		SccProjectName0 = \u0022$/CollectiveModels/Systems\u0022,\u0020NLCAAAAA
		SccLocalPath0 = Systems
		SccProvider0 = MSSCCI:Microsoft\u0020Visual\u0020SourceSafe
		SccProjectUniqueName1 = Expression\\Expression.csproj
		SccProjectName1 = \u0022$/CollectiveModels/Expression\u0022,\u0020OBAAAAAA
		SccLocalPath1 = Expression
		SccProvider1 = MSSCCI:Microsoft\u0020Visual\u0020SourceSafe
		SccProjectUniqueName2 = DLLWrapper\\DLLWrapper.csproj
		SccProjectName2 = \u0022$/CollectiveModels/DLLWrapper\u0022,\u0020WJBAAAAA
		SccLocalPath2 = DLLWrapper
		SccProvider2 = MSSCCI:Microsoft\u0020Visual\u0020SourceSafe
		SccProjectUniqueName3 = Core\\Core.csproj
		SccProjectName3 = \u0022$/CollectiveModels/Core\u0022,\u0020WXBAAAAA
		SccLocalPath3 = Core
		SccProvider3 = MSSCCI:Microsoft\u0020Visual\u0020SourceSafe
		SccProjectUniqueName4 = Forms\\Forms.csproj
		SccProjectName4 = \u0022$/CollectiveModels/Forms\u0022,\u0020BCAAAAAA
		SccLocalPath4 = Forms
		SccProvider4 = MSSCCI:Microsoft\u0020Visual\u0020SourceSafe
		SccProjectUniqueName5 = Math\\Math.csproj
		SccProjectName5 = \u0022$/CollectiveModels/Math\u0022,\u0020SAAAAAAA
		SccLocalPath5 = Math
		SccProvider5 = MSSCCI:Microsoft\u0020Visual\u0020SourceSafe
		SccProjectUniqueName6 = Test\\Test.csproj
		SccProjectName6 = \u0022$/CollectiveModels/Test\u0022,\u0020YAAAAAAA
		SccLocalPath6 = Test
		SccProvider6 = MSSCCI:Microsoft\u0020Visual\u0020SourceSafe
	EndGlobalSection
EndGlobal
