Microsoft Visual Studio Solution File, Format Version 9.00
# Visual Studio 2005
Project("{FAE04EC0-301F-11D3-BF4B-00C04F79EFBC}") = "Expression", "Expression\Expression.csproj", "{32A09091-75AC-4F78-BB4D-8721DAD0E1CE}"
EndProject
Project("{FAE04EC0-301F-11D3-BF4B-00C04F79EFBC}") = "DLLWrapper", "DLLWrapper\DLLWrapper.csproj", "{6D9B660F-CC5A-4814-A176-1BC2619370ED}"
EndProject
Project("{FAE04EC0-301F-11D3-BF4B-00C04F79EFBC}") = "Forms", "Forms\Forms.csproj", "{528932B7-02DF-4F09-96AF-E30DA724CB6C}"
EndProject
Project("{FAE04EC0-301F-11D3-BF4B-00C04F79EFBC}") = "GCM", "GCM\GCM.csproj", "{9A261EE9-33BB-4136-B0CA-681BD82B6806}"
EndProject
Project("{FAE04EC0-301F-11D3-BF4B-00C04F79EFBC}") = "IBM", "IBM\IBM.csproj", "{1F119B82-E6B3-4FF0-A026-72AC1D452DA6}"
EndProject
Project("{FAE04EC0-301F-11D3-BF4B-00C04F79EFBC}") = "Math", "Math\Math.csproj", "{9E5ED9AD-A2C0-44E2-8509-04433994A2B4}"
EndProject
Project("{FAE04EC0-301F-11D3-BF4B-00C04F79EFBC}") = "Temp", "Temp\Temp.csproj", "{0A79B523-B567-4A78-8AF5-6D6BF4707D5E}"
EndProject
Project("{FAE04EC0-301F-11D3-BF4B-00C04F79EFBC}") = "Test", "Test\Test.csproj", "{CE7E619F-B302-4F7D-97A9-A98B7C21CA16}"
EndProject
Project("{FAE04EC0-301F-11D3-BF4B-00C04F79EFBC}") = "PT", "PT\PT.csproj", "{32FBE5CF-731A-42DD-A88F-E9051380DA90}"
EndProject
Project("{FAE04EC0-301F-11D3-BF4B-00C04F79EFBC}") = "Core", "Core\Core.csproj", "{0E123D9C-0150-4474-BD57-BB4E463ECC82}"
EndProject
Project("{FAE04EC0-301F-11D3-BF4B-00C04F79EFBC}") = "ManyBody", "ManyBody\ManyBody.csproj", "{89B81AB2-D8A5-4A88-9A1D-43B09E9DC4F5}"
EndProject
Global
	GlobalSection(SourceCodeControl) = preSolution
		SccNumberOfProjects = 12
		SccLocalPath0 = .
		SccProjectUniqueName1 = Expression\\Expression.csproj
		SccProjectName1 = \u0022$/CollectiveModels/Expression\u0022,\u0020OBAAAAAA
		SccLocalPath1 = Expression
		SccProjectUniqueName2 = DLLWrapper\\DLLWrapper.csproj
		SccProjectName2 = \u0022$/CollectiveModels/DLLWrapper\u0022,\u0020WJBAAAAA
		SccLocalPath2 = DLLWrapper
		SccProjectUniqueName3 = Forms\\Forms.csproj
		SccProjectName3 = \u0022$/CollectiveModels/Forms\u0022,\u0020BCAAAAAA
		SccLocalPath3 = Forms
		SccProjectUniqueName4 = GCM\\GCM.csproj
		SccProjectName4 = \u0022$/CollectiveModels/GCM\u0022,\u0020OUAAAAAA
		SccLocalPath4 = GCM
		SccProjectUniqueName5 = IBM\\IBM.csproj
		SccProjectName5 = \u0022$/CollectiveModels/IBM\u0022,\u0020SBBAAAAA
		SccLocalPath5 = IBM
		SccProjectUniqueName6 = Math\\Math.csproj
		SccProjectName6 = \u0022$/CollectiveModels/Math\u0022,\u0020SAAAAAAA
		SccLocalPath6 = Math
		SccProjectUniqueName7 = Test\\Test.csproj
		SccProjectName7 = \u0022$/CollectiveModels/Test\u0022,\u0020YAAAAAAA
		SccLocalPath7 = Test
		SccProjectUniqueName8 = PT\\PT.csproj
		SccProjectName8 = \u0022$/CollectiveModels/PT\u0022,\u0020KUBAAAAA
		SccLocalPath8 = PT
		SccProjectUniqueName9 = Temp\\Temp.csproj
		SccLocalPath9 = .
		SccProjectFilePathRelativizedFromConnection9 = Temp\\
		SccProjectUniqueName10 = Core\\Core.csproj
		SccProjectName10 = \u0022$/CollectiveModels/Core\u0022,\u0020WXBAAAAA
		SccLocalPath10 = Core
		SccProjectUniqueName11 = ManyBody\\ManyBody.csproj
		SccLocalPath11 = .
		SccProjectFilePathRelativizedFromConnection11 = ManyBody\\
	EndGlobalSection
	GlobalSection(SolutionConfigurationPlatforms) = preSolution
		Debug|.NET = Debug|.NET
		Debug|Any CPU = Debug|Any CPU
		Debug|Mixed Platforms = Debug|Mixed Platforms
		Debug|Win32 = Debug|Win32
		Debug|x86 = Debug|x86
		Release|.NET = Release|.NET
		Release|Any CPU = Release|Any CPU
		Release|Mixed Platforms = Release|Mixed Platforms
		Release|Win32 = Release|Win32
		Release|x86 = Release|x86
	EndGlobalSection
	GlobalSection(ProjectConfigurationPlatforms) = postSolution
		{32A09091-75AC-4F78-BB4D-8721DAD0E1CE}.Debug|.NET.ActiveCfg = Debug|Any CPU
		{32A09091-75AC-4F78-BB4D-8721DAD0E1CE}.Debug|Any CPU.ActiveCfg = Debug|Any CPU
		{32A09091-75AC-4F78-BB4D-8721DAD0E1CE}.Debug|Any CPU.Build.0 = Debug|Any CPU
		{32A09091-75AC-4F78-BB4D-8721DAD0E1CE}.Debug|Mixed Platforms.ActiveCfg = Debug|Any CPU
		{32A09091-75AC-4F78-BB4D-8721DAD0E1CE}.Debug|Mixed Platforms.Build.0 = Debug|Any CPU
		{32A09091-75AC-4F78-BB4D-8721DAD0E1CE}.Debug|Win32.ActiveCfg = Debug|Any CPU
		{32A09091-75AC-4F78-BB4D-8721DAD0E1CE}.Debug|x86.ActiveCfg = Debug|x86
		{32A09091-75AC-4F78-BB4D-8721DAD0E1CE}.Debug|x86.Build.0 = Debug|x86
		{32A09091-75AC-4F78-BB4D-8721DAD0E1CE}.Release|.NET.ActiveCfg = Release|Any CPU
		{32A09091-75AC-4F78-BB4D-8721DAD0E1CE}.Release|Any CPU.ActiveCfg = Release|Any CPU
		{32A09091-75AC-4F78-BB4D-8721DAD0E1CE}.Release|Any CPU.Build.0 = Release|Any CPU
		{32A09091-75AC-4F78-BB4D-8721DAD0E1CE}.Release|Mixed Platforms.ActiveCfg = Release|Any CPU
		{32A09091-75AC-4F78-BB4D-8721DAD0E1CE}.Release|Mixed Platforms.Build.0 = Release|Any CPU
		{32A09091-75AC-4F78-BB4D-8721DAD0E1CE}.Release|Win32.ActiveCfg = Release|Any CPU
		{32A09091-75AC-4F78-BB4D-8721DAD0E1CE}.Release|x86.ActiveCfg = Release|x86
		{32A09091-75AC-4F78-BB4D-8721DAD0E1CE}.Release|x86.Build.0 = Release|x86
		{6D9B660F-CC5A-4814-A176-1BC2619370ED}.Debug|.NET.ActiveCfg = Debug|Any CPU
		{6D9B660F-CC5A-4814-A176-1BC2619370ED}.Debug|Any CPU.ActiveCfg = Debug|Any CPU
		{6D9B660F-CC5A-4814-A176-1BC2619370ED}.Debug|Any CPU.Build.0 = Debug|Any CPU
		{6D9B660F-CC5A-4814-A176-1BC2619370ED}.Debug|Mixed Platforms.ActiveCfg = Debug|Any CPU
		{6D9B660F-CC5A-4814-A176-1BC2619370ED}.Debug|Mixed Platforms.Build.0 = Debug|Any CPU
		{6D9B660F-CC5A-4814-A176-1BC2619370ED}.Debug|Win32.ActiveCfg = Debug|Any CPU
		{6D9B660F-CC5A-4814-A176-1BC2619370ED}.Debug|x86.ActiveCfg = Debug|x86
		{6D9B660F-CC5A-4814-A176-1BC2619370ED}.Debug|x86.Build.0 = Debug|x86
		{6D9B660F-CC5A-4814-A176-1BC2619370ED}.Release|.NET.ActiveCfg = Release|Any CPU
		{6D9B660F-CC5A-4814-A176-1BC2619370ED}.Release|Any CPU.ActiveCfg = Release|Any CPU
		{6D9B660F-CC5A-4814-A176-1BC2619370ED}.Release|Any CPU.Build.0 = Release|Any CPU
		{6D9B660F-CC5A-4814-A176-1BC2619370ED}.Release|Mixed Platforms.ActiveCfg = Release|Any CPU
		{6D9B660F-CC5A-4814-A176-1BC2619370ED}.Release|Mixed Platforms.Build.0 = Release|Any CPU
		{6D9B660F-CC5A-4814-A176-1BC2619370ED}.Release|Win32.ActiveCfg = Release|Any CPU
		{6D9B660F-CC5A-4814-A176-1BC2619370ED}.Release|x86.ActiveCfg = Release|x86
		{6D9B660F-CC5A-4814-A176-1BC2619370ED}.Release|x86.Build.0 = Release|x86
		{528932B7-02DF-4F09-96AF-E30DA724CB6C}.Debug|.NET.ActiveCfg = Debug|Any CPU
		{528932B7-02DF-4F09-96AF-E30DA724CB6C}.Debug|Any CPU.ActiveCfg = Debug|Any CPU
		{528932B7-02DF-4F09-96AF-E30DA724CB6C}.Debug|Any CPU.Build.0 = Debug|Any CPU
		{528932B7-02DF-4F09-96AF-E30DA724CB6C}.Debug|Mixed Platforms.ActiveCfg = Debug|Any CPU
		{528932B7-02DF-4F09-96AF-E30DA724CB6C}.Debug|Mixed Platforms.Build.0 = Debug|Any CPU
		{528932B7-02DF-4F09-96AF-E30DA724CB6C}.Debug|Win32.ActiveCfg = Debug|Any CPU
		{528932B7-02DF-4F09-96AF-E30DA724CB6C}.Debug|x86.ActiveCfg = Debug|x86
		{528932B7-02DF-4F09-96AF-E30DA724CB6C}.Debug|x86.Build.0 = Debug|x86
		{528932B7-02DF-4F09-96AF-E30DA724CB6C}.Release|.NET.ActiveCfg = Release|Any CPU
		{528932B7-02DF-4F09-96AF-E30DA724CB6C}.Release|Any CPU.ActiveCfg = Release|Any CPU
		{528932B7-02DF-4F09-96AF-E30DA724CB6C}.Release|Any CPU.Build.0 = Release|Any CPU
		{528932B7-02DF-4F09-96AF-E30DA724CB6C}.Release|Mixed Platforms.ActiveCfg = Release|Any CPU
		{528932B7-02DF-4F09-96AF-E30DA724CB6C}.Release|Mixed Platforms.Build.0 = Release|Any CPU
		{528932B7-02DF-4F09-96AF-E30DA724CB6C}.Release|Win32.ActiveCfg = Release|Any CPU
		{528932B7-02DF-4F09-96AF-E30DA724CB6C}.Release|x86.ActiveCfg = Release|x86
		{528932B7-02DF-4F09-96AF-E30DA724CB6C}.Release|x86.Build.0 = Release|x86
		{9A261EE9-33BB-4136-B0CA-681BD82B6806}.Debug|.NET.ActiveCfg = Debug|Any CPU
		{9A261EE9-33BB-4136-B0CA-681BD82B6806}.Debug|Any CPU.ActiveCfg = Debug|Any CPU
		{9A261EE9-33BB-4136-B0CA-681BD82B6806}.Debug|Any CPU.Build.0 = Debug|Any CPU
		{9A261EE9-33BB-4136-B0CA-681BD82B6806}.Debug|Mixed Platforms.ActiveCfg = Debug|Any CPU
		{9A261EE9-33BB-4136-B0CA-681BD82B6806}.Debug|Mixed Platforms.Build.0 = Debug|Any CPU
		{9A261EE9-33BB-4136-B0CA-681BD82B6806}.Debug|Win32.ActiveCfg = Debug|Any CPU
		{9A261EE9-33BB-4136-B0CA-681BD82B6806}.Debug|x86.ActiveCfg = Debug|x86
		{9A261EE9-33BB-4136-B0CA-681BD82B6806}.Debug|x86.Build.0 = Debug|x86
		{9A261EE9-33BB-4136-B0CA-681BD82B6806}.Release|.NET.ActiveCfg = Release|Any CPU
		{9A261EE9-33BB-4136-B0CA-681BD82B6806}.Release|Any CPU.ActiveCfg = Release|Any CPU
		{9A261EE9-33BB-4136-B0CA-681BD82B6806}.Release|Any CPU.Build.0 = Release|Any CPU
		{9A261EE9-33BB-4136-B0CA-681BD82B6806}.Release|Mixed Platforms.ActiveCfg = Release|Any CPU
		{9A261EE9-33BB-4136-B0CA-681BD82B6806}.Release|Mixed Platforms.Build.0 = Release|Any CPU
		{9A261EE9-33BB-4136-B0CA-681BD82B6806}.Release|Win32.ActiveCfg = Release|Any CPU
		{9A261EE9-33BB-4136-B0CA-681BD82B6806}.Release|x86.ActiveCfg = Release|x86
		{9A261EE9-33BB-4136-B0CA-681BD82B6806}.Release|x86.Build.0 = Release|x86
		{1F119B82-E6B3-4FF0-A026-72AC1D452DA6}.Debug|.NET.ActiveCfg = Debug|Any CPU
		{1F119B82-E6B3-4FF0-A026-72AC1D452DA6}.Debug|Any CPU.ActiveCfg = Debug|Any CPU
		{1F119B82-E6B3-4FF0-A026-72AC1D452DA6}.Debug|Any CPU.Build.0 = Debug|Any CPU
		{1F119B82-E6B3-4FF0-A026-72AC1D452DA6}.Debug|Mixed Platforms.ActiveCfg = Debug|Any CPU
		{1F119B82-E6B3-4FF0-A026-72AC1D452DA6}.Debug|Mixed Platforms.Build.0 = Debug|Any CPU
		{1F119B82-E6B3-4FF0-A026-72AC1D452DA6}.Debug|Win32.ActiveCfg = Debug|Any CPU
		{1F119B82-E6B3-4FF0-A026-72AC1D452DA6}.Debug|x86.ActiveCfg = Debug|x86
		{1F119B82-E6B3-4FF0-A026-72AC1D452DA6}.Debug|x86.Build.0 = Debug|x86
		{1F119B82-E6B3-4FF0-A026-72AC1D452DA6}.Release|.NET.ActiveCfg = Release|Any CPU
		{1F119B82-E6B3-4FF0-A026-72AC1D452DA6}.Release|Any CPU.ActiveCfg = Release|Any CPU
		{1F119B82-E6B3-4FF0-A026-72AC1D452DA6}.Release|Any CPU.Build.0 = Release|Any CPU
		{1F119B82-E6B3-4FF0-A026-72AC1D452DA6}.Release|Mixed Platforms.ActiveCfg = Release|Any CPU
		{1F119B82-E6B3-4FF0-A026-72AC1D452DA6}.Release|Mixed Platforms.Build.0 = Release|Any CPU
		{1F119B82-E6B3-4FF0-A026-72AC1D452DA6}.Release|Win32.ActiveCfg = Release|Any CPU
		{1F119B82-E6B3-4FF0-A026-72AC1D452DA6}.Release|x86.ActiveCfg = Release|x86
		{1F119B82-E6B3-4FF0-A026-72AC1D452DA6}.Release|x86.Build.0 = Release|x86
		{9E5ED9AD-A2C0-44E2-8509-04433994A2B4}.Debug|.NET.ActiveCfg = Debug|Any CPU
		{9E5ED9AD-A2C0-44E2-8509-04433994A2B4}.Debug|Any CPU.ActiveCfg = Debug|Any CPU
		{9E5ED9AD-A2C0-44E2-8509-04433994A2B4}.Debug|Any CPU.Build.0 = Debug|Any CPU
		{9E5ED9AD-A2C0-44E2-8509-04433994A2B4}.Debug|Mixed Platforms.ActiveCfg = Debug|Any CPU
		{9E5ED9AD-A2C0-44E2-8509-04433994A2B4}.Debug|Mixed Platforms.Build.0 = Debug|Any CPU
		{9E5ED9AD-A2C0-44E2-8509-04433994A2B4}.Debug|Win32.ActiveCfg = Debug|Any CPU
		{9E5ED9AD-A2C0-44E2-8509-04433994A2B4}.Debug|x86.ActiveCfg = Debug|x86
		{9E5ED9AD-A2C0-44E2-8509-04433994A2B4}.Debug|x86.Build.0 = Debug|x86
		{9E5ED9AD-A2C0-44E2-8509-04433994A2B4}.Release|.NET.ActiveCfg = Release|Any CPU
		{9E5ED9AD-A2C0-44E2-8509-04433994A2B4}.Release|Any CPU.ActiveCfg = Release|Any CPU
		{9E5ED9AD-A2C0-44E2-8509-04433994A2B4}.Release|Any CPU.Build.0 = Release|Any CPU
		{9E5ED9AD-A2C0-44E2-8509-04433994A2B4}.Release|Mixed Platforms.ActiveCfg = Release|Any CPU
		{9E5ED9AD-A2C0-44E2-8509-04433994A2B4}.Release|Mixed Platforms.Build.0 = Release|Any CPU
		{9E5ED9AD-A2C0-44E2-8509-04433994A2B4}.Release|Win32.ActiveCfg = Release|Any CPU
		{9E5ED9AD-A2C0-44E2-8509-04433994A2B4}.Release|x86.ActiveCfg = Release|x86
		{9E5ED9AD-A2C0-44E2-8509-04433994A2B4}.Release|x86.Build.0 = Release|x86
		{0A79B523-B567-4A78-8AF5-6D6BF4707D5E}.Debug|.NET.ActiveCfg = Debug|Any CPU
		{0A79B523-B567-4A78-8AF5-6D6BF4707D5E}.Debug|Any CPU.ActiveCfg = Debug|Any CPU
		{0A79B523-B567-4A78-8AF5-6D6BF4707D5E}.Debug|Mixed Platforms.ActiveCfg = Debug|Any CPU
		{0A79B523-B567-4A78-8AF5-6D6BF4707D5E}.Debug|Mixed Platforms.Build.0 = Debug|Any CPU
		{0A79B523-B567-4A78-8AF5-6D6BF4707D5E}.Debug|Win32.ActiveCfg = Debug|Any CPU
		{0A79B523-B567-4A78-8AF5-6D6BF4707D5E}.Debug|x86.ActiveCfg = Debug|x86
		{0A79B523-B567-4A78-8AF5-6D6BF4707D5E}.Release|.NET.ActiveCfg = Release|Any CPU
		{0A79B523-B567-4A78-8AF5-6D6BF4707D5E}.Release|Any CPU.ActiveCfg = Release|Any CPU
		{0A79B523-B567-4A78-8AF5-6D6BF4707D5E}.Release|Mixed Platforms.ActiveCfg = Release|Any CPU
		{0A79B523-B567-4A78-8AF5-6D6BF4707D5E}.Release|Mixed Platforms.Build.0 = Release|Any CPU
		{0A79B523-B567-4A78-8AF5-6D6BF4707D5E}.Release|Win32.ActiveCfg = Release|Any CPU
		{0A79B523-B567-4A78-8AF5-6D6BF4707D5E}.Release|x86.ActiveCfg = Release|x86
		{CE7E619F-B302-4F7D-97A9-A98B7C21CA16}.Debug|.NET.ActiveCfg = Debug|Any CPU
		{CE7E619F-B302-4F7D-97A9-A98B7C21CA16}.Debug|Any CPU.ActiveCfg = Debug|Any CPU
		{CE7E619F-B302-4F7D-97A9-A98B7C21CA16}.Debug|Any CPU.Build.0 = Debug|Any CPU
		{CE7E619F-B302-4F7D-97A9-A98B7C21CA16}.Debug|Mixed Platforms.ActiveCfg = Debug|Any CPU
		{CE7E619F-B302-4F7D-97A9-A98B7C21CA16}.Debug|Mixed Platforms.Build.0 = Debug|Any CPU
		{CE7E619F-B302-4F7D-97A9-A98B7C21CA16}.Debug|Win32.ActiveCfg = Debug|Any CPU
		{CE7E619F-B302-4F7D-97A9-A98B7C21CA16}.Debug|x86.ActiveCfg = Debug|x86
		{CE7E619F-B302-4F7D-97A9-A98B7C21CA16}.Debug|x86.Build.0 = Debug|x86
		{CE7E619F-B302-4F7D-97A9-A98B7C21CA16}.Release|.NET.ActiveCfg = Release|Any CPU
		{CE7E619F-B302-4F7D-97A9-A98B7C21CA16}.Release|Any CPU.ActiveCfg = Release|Any CPU
		{CE7E619F-B302-4F7D-97A9-A98B7C21CA16}.Release|Any CPU.Build.0 = Release|Any CPU
		{CE7E619F-B302-4F7D-97A9-A98B7C21CA16}.Release|Mixed Platforms.ActiveCfg = Release|Any CPU
		{CE7E619F-B302-4F7D-97A9-A98B7C21CA16}.Release|Mixed Platforms.Build.0 = Release|Any CPU
		{CE7E619F-B302-4F7D-97A9-A98B7C21CA16}.Release|Win32.ActiveCfg = Release|Any CPU
		{CE7E619F-B302-4F7D-97A9-A98B7C21CA16}.Release|x86.ActiveCfg = Release|x86
		{CE7E619F-B302-4F7D-97A9-A98B7C21CA16}.Release|x86.Build.0 = Release|x86
		{32FBE5CF-731A-42DD-A88F-E9051380DA90}.Debug|.NET.ActiveCfg = Debug|Any CPU
		{32FBE5CF-731A-42DD-A88F-E9051380DA90}.Debug|Any CPU.ActiveCfg = Debug|Any CPU
		{32FBE5CF-731A-42DD-A88F-E9051380DA90}.Debug|Any CPU.Build.0 = Debug|Any CPU
		{32FBE5CF-731A-42DD-A88F-E9051380DA90}.Debug|Mixed Platforms.ActiveCfg = Debug|Any CPU
		{32FBE5CF-731A-42DD-A88F-E9051380DA90}.Debug|Mixed Platforms.Build.0 = Debug|Any CPU
		{32FBE5CF-731A-42DD-A88F-E9051380DA90}.Debug|Win32.ActiveCfg = Debug|Any CPU
		{32FBE5CF-731A-42DD-A88F-E9051380DA90}.Debug|x86.ActiveCfg = Debug|Any CPU
		{32FBE5CF-731A-42DD-A88F-E9051380DA90}.Release|.NET.ActiveCfg = Release|Any CPU
		{32FBE5CF-731A-42DD-A88F-E9051380DA90}.Release|Any CPU.ActiveCfg = Release|Any CPU
		{32FBE5CF-731A-42DD-A88F-E9051380DA90}.Release|Any CPU.Build.0 = Release|Any CPU
		{32FBE5CF-731A-42DD-A88F-E9051380DA90}.Release|Mixed Platforms.ActiveCfg = Release|Any CPU
		{32FBE5CF-731A-42DD-A88F-E9051380DA90}.Release|Mixed Platforms.Build.0 = Release|Any CPU
		{32FBE5CF-731A-42DD-A88F-E9051380DA90}.Release|Win32.ActiveCfg = Release|Any CPU
		{32FBE5CF-731A-42DD-A88F-E9051380DA90}.Release|x86.ActiveCfg = Release|Any CPU
		{0E123D9C-0150-4474-BD57-BB4E463ECC82}.Debug|.NET.ActiveCfg = Debug|Any CPU
		{0E123D9C-0150-4474-BD57-BB4E463ECC82}.Debug|Any CPU.ActiveCfg = Debug|Any CPU
		{0E123D9C-0150-4474-BD57-BB4E463ECC82}.Debug|Any CPU.Build.0 = Debug|Any CPU
		{0E123D9C-0150-4474-BD57-BB4E463ECC82}.Debug|Mixed Platforms.ActiveCfg = Debug|Any CPU
		{0E123D9C-0150-4474-BD57-BB4E463ECC82}.Debug|Mixed Platforms.Build.0 = Debug|Any CPU
		{0E123D9C-0150-4474-BD57-BB4E463ECC82}.Debug|Win32.ActiveCfg = Debug|Any CPU
		{0E123D9C-0150-4474-BD57-BB4E463ECC82}.Debug|x86.ActiveCfg = Debug|Any CPU
		{0E123D9C-0150-4474-BD57-BB4E463ECC82}.Release|.NET.ActiveCfg = Release|Any CPU
		{0E123D9C-0150-4474-BD57-BB4E463ECC82}.Release|Any CPU.ActiveCfg = Release|Any CPU
		{0E123D9C-0150-4474-BD57-BB4E463ECC82}.Release|Any CPU.Build.0 = Release|Any CPU
		{0E123D9C-0150-4474-BD57-BB4E463ECC82}.Release|Mixed Platforms.ActiveCfg = Release|Any CPU
		{0E123D9C-0150-4474-BD57-BB4E463ECC82}.Release|Mixed Platforms.Build.0 = Release|Any CPU
		{0E123D9C-0150-4474-BD57-BB4E463ECC82}.Release|Win32.ActiveCfg = Release|Any CPU
		{0E123D9C-0150-4474-BD57-BB4E463ECC82}.Release|x86.ActiveCfg = Release|Any CPU
		{89B81AB2-D8A5-4A88-9A1D-43B09E9DC4F5}.Debug|.NET.ActiveCfg = Debug|Any CPU
		{89B81AB2-D8A5-4A88-9A1D-43B09E9DC4F5}.Debug|Any CPU.ActiveCfg = Debug|Any CPU
		{89B81AB2-D8A5-4A88-9A1D-43B09E9DC4F5}.Debug|Any CPU.Build.0 = Debug|Any CPU
		{89B81AB2-D8A5-4A88-9A1D-43B09E9DC4F5}.Debug|Mixed Platforms.ActiveCfg = Debug|Any CPU
		{89B81AB2-D8A5-4A88-9A1D-43B09E9DC4F5}.Debug|Mixed Platforms.Build.0 = Debug|Any CPU
		{89B81AB2-D8A5-4A88-9A1D-43B09E9DC4F5}.Debug|Win32.ActiveCfg = Debug|Any CPU
		{89B81AB2-D8A5-4A88-9A1D-43B09E9DC4F5}.Debug|x86.ActiveCfg = Debug|x86
		{89B81AB2-D8A5-4A88-9A1D-43B09E9DC4F5}.Debug|x86.Build.0 = Debug|x86
		{89B81AB2-D8A5-4A88-9A1D-43B09E9DC4F5}.Release|.NET.ActiveCfg = Release|Any CPU
		{89B81AB2-D8A5-4A88-9A1D-43B09E9DC4F5}.Release|Any CPU.ActiveCfg = Release|Any CPU
		{89B81AB2-D8A5-4A88-9A1D-43B09E9DC4F5}.Release|Any CPU.Build.0 = Release|Any CPU
		{89B81AB2-D8A5-4A88-9A1D-43B09E9DC4F5}.Release|Mixed Platforms.ActiveCfg = Release|Any CPU
		{89B81AB2-D8A5-4A88-9A1D-43B09E9DC4F5}.Release|Mixed Platforms.Build.0 = Release|Any CPU
		{89B81AB2-D8A5-4A88-9A1D-43B09E9DC4F5}.Release|Win32.ActiveCfg = Release|Any CPU
		{89B81AB2-D8A5-4A88-9A1D-43B09E9DC4F5}.Release|x86.ActiveCfg = Release|x86
		{89B81AB2-D8A5-4A88-9A1D-43B09E9DC4F5}.Release|x86.Build.0 = Release|x86
	EndGlobalSection
	GlobalSection(SolutionProperties) = preSolution
		HideSolutionNode = FALSE
	EndGlobalSection
EndGlobal
